
Microsoft Visual Studio Solution File, Format Version 12.00
# Visual Studio Version 17
VisualStudioVersion = 17.1.32421.90
MinimumVisualStudioVersion = 10.0.40219.1
Project("{9A19103F-16F7-4668-BE54-9A1E7A4F7556}") = "PetProject.WebAPI", "PetProject.WebAPI\PetProject.WebAPI.csproj", "{E0A0E2F2-FEF0-4495-9A04-9966A5DCED47}"
EndProject
Project("{9A19103F-16F7-4668-BE54-9A1E7A4F7556}") = "PetProject.Infacstructure", "PetProject.Infacstructure\PetProject.Infacstructure.csproj", "{6A5FB405-3AA0-408D-89A0-B97596FBCB14}"
EndProject
Project("{9A19103F-16F7-4668-BE54-9A1E7A4F7556}") = "PetProject.Business", "PetProject.Business\PetProject.Business.csproj", "{083C6C2F-A804-4C35-AEC4-9EB3556E6F2A}"
EndProject
Project("{2150E333-8FDC-42A3-9474-1A3956D46DE8}") = "Test", "Test", "{A248B83E-8440-43E8-9AB3-AE16C30DED43}"
EndProject
Project("{9A19103F-16F7-4668-BE54-9A1E7A4F7556}") = "PetProject.Console", "PetProject.Console\PetProject.Console.csproj", "{1C573C23-98D1-4DD6-A7D3-686610B2CF47}"
EndProject
Project("{2150E333-8FDC-42A3-9474-1A3956D46DE8}") = "Application", "Application", "{FA0B93C9-3FE8-421F-9F1E-C26100D6A986}"
EndProject
Project("{2150E333-8FDC-42A3-9474-1A3956D46DE8}") = "Domain", "Domain", "{006E85FF-4EB0-4D10-BB31-CA92FC61635D}"
EndProject
Project("{9A19103F-16F7-4668-BE54-9A1E7A4F7556}") = "PetProject.Utilities", "PetProject.Utilities\PetProject.Utilities.csproj", "{43BDD9E8-8897-4501-B238-D5D538781709}"
EndProject
Project("{9A19103F-16F7-4668-BE54-9A1E7A4F7556}") = "PetProject.Domain", "PetProject.Domain\PetProject.Domain.csproj", "{51854D44-435F-493E-BE4E-E202EE6488FE}"
EndProject
Project("{FAE04EC0-301F-11D3-BF4B-00C04F79EFBC}") = "PetProject.TestWebAPI", "PetProject.TestWebAPI\PetProject.TestWebAPI.csproj", "{9D3C4550-7487-4274-BA44-4BAF6EF48783}"
EndProject
Project("{FAE04EC0-301F-11D3-BF4B-00C04F79EFBC}") = "PetProject.TestBusiness", "PetProject.TestBusiness\PetProject.TestBusiness.csproj", "{76782271-9B0E-481C-9EFE-E0436A2AED6B}"
EndProject
Global
	GlobalSection(SolutionConfigurationPlatforms) = preSolution
		Debug|Any CPU = Debug|Any CPU
		Release|Any CPU = Release|Any CPU
	EndGlobalSection
	GlobalSection(ProjectConfigurationPlatforms) = postSolution
		{E0A0E2F2-FEF0-4495-9A04-9966A5DCED47}.Debug|Any CPU.ActiveCfg = Debug|Any CPU
		{E0A0E2F2-FEF0-4495-9A04-9966A5DCED47}.Debug|Any CPU.Build.0 = Debug|Any CPU
		{E0A0E2F2-FEF0-4495-9A04-9966A5DCED47}.Release|Any CPU.ActiveCfg = Release|Any CPU
		{E0A0E2F2-FEF0-4495-9A04-9966A5DCED47}.Release|Any CPU.Build.0 = Release|Any CPU
		{6A5FB405-3AA0-408D-89A0-B97596FBCB14}.Debug|Any CPU.ActiveCfg = Debug|Any CPU
		{6A5FB405-3AA0-408D-89A0-B97596FBCB14}.Debug|Any CPU.Build.0 = Debug|Any CPU
		{6A5FB405-3AA0-408D-89A0-B97596FBCB14}.Release|Any CPU.ActiveCfg = Release|Any CPU
		{6A5FB405-3AA0-408D-89A0-B97596FBCB14}.Release|Any CPU.Build.0 = Release|Any CPU
		{083C6C2F-A804-4C35-AEC4-9EB3556E6F2A}.Debug|Any CPU.ActiveCfg = Debug|Any CPU
		{083C6C2F-A804-4C35-AEC4-9EB3556E6F2A}.Debug|Any CPU.Build.0 = Debug|Any CPU
		{083C6C2F-A804-4C35-AEC4-9EB3556E6F2A}.Release|Any CPU.ActiveCfg = Release|Any CPU
		{083C6C2F-A804-4C35-AEC4-9EB3556E6F2A}.Release|Any CPU.Build.0 = Release|Any CPU
		{1C573C23-98D1-4DD6-A7D3-686610B2CF47}.Debug|Any CPU.ActiveCfg = Debug|Any CPU
		{1C573C23-98D1-4DD6-A7D3-686610B2CF47}.Debug|Any CPU.Build.0 = Debug|Any CPU
		{1C573C23-98D1-4DD6-A7D3-686610B2CF47}.Release|Any CPU.ActiveCfg = Release|Any CPU
		{1C573C23-98D1-4DD6-A7D3-686610B2CF47}.Release|Any CPU.Build.0 = Release|Any CPU
		{43BDD9E8-8897-4501-B238-D5D538781709}.Debug|Any CPU.ActiveCfg = Debug|Any CPU
		{43BDD9E8-8897-4501-B238-D5D538781709}.Debug|Any CPU.Build.0 = Debug|Any CPU
		{43BDD9E8-8897-4501-B238-D5D538781709}.Release|Any CPU.ActiveCfg = Release|Any CPU
		{43BDD9E8-8897-4501-B238-D5D538781709}.Release|Any CPU.Build.0 = Release|Any CPU
		{51854D44-435F-493E-BE4E-E202EE6488FE}.Debug|Any CPU.ActiveCfg = Debug|Any CPU
		{51854D44-435F-493E-BE4E-E202EE6488FE}.Debug|Any CPU.Build.0 = Debug|Any CPU
		{51854D44-435F-493E-BE4E-E202EE6488FE}.Release|Any CPU.ActiveCfg = Release|Any CPU
		{51854D44-435F-493E-BE4E-E202EE6488FE}.Release|Any CPU.Build.0 = Release|Any CPU
		{9D3C4550-7487-4274-BA44-4BAF6EF48783}.Debug|Any CPU.ActiveCfg = Debug|Any CPU
		{9D3C4550-7487-4274-BA44-4BAF6EF48783}.Debug|Any CPU.Build.0 = Debug|Any CPU
		{9D3C4550-7487-4274-BA44-4BAF6EF48783}.Release|Any CPU.ActiveCfg = Release|Any CPU
		{9D3C4550-7487-4274-BA44-4BAF6EF48783}.Release|Any CPU.Build.0 = Release|Any CPU
		{76782271-9B0E-481C-9EFE-E0436A2AED6B}.Debug|Any CPU.ActiveCfg = Debug|Any CPU
		{76782271-9B0E-481C-9EFE-E0436A2AED6B}.Debug|Any CPU.Build.0 = Debug|Any CPU
		{76782271-9B0E-481C-9EFE-E0436A2AED6B}.Release|Any CPU.ActiveCfg = Release|Any CPU
		{76782271-9B0E-481C-9EFE-E0436A2AED6B}.Release|Any CPU.Build.0 = Release|Any CPU
	EndGlobalSection
	GlobalSection(SolutionProperties) = preSolution
		HideSolutionNode = FALSE
	EndGlobalSection
	GlobalSection(NestedProjects) = preSolution
		{6A5FB405-3AA0-408D-89A0-B97596FBCB14} = {FA0B93C9-3FE8-421F-9F1E-C26100D6A986}
		{083C6C2F-A804-4C35-AEC4-9EB3556E6F2A} = {FA0B93C9-3FE8-421F-9F1E-C26100D6A986}
		{43BDD9E8-8897-4501-B238-D5D538781709} = {006E85FF-4EB0-4D10-BB31-CA92FC61635D}
		{51854D44-435F-493E-BE4E-E202EE6488FE} = {006E85FF-4EB0-4D10-BB31-CA92FC61635D}
		{9D3C4550-7487-4274-BA44-4BAF6EF48783} = {A248B83E-8440-43E8-9AB3-AE16C30DED43}
		{76782271-9B0E-481C-9EFE-E0436A2AED6B} = {A248B83E-8440-43E8-9AB3-AE16C30DED43}
	EndGlobalSection
	GlobalSection(ExtensibilityGlobals) = postSolution
		SolutionGuid = {EB445B36-D638-4C28-84B5-45AADA2C67EE}
	EndGlobalSection
EndGlobal
